dependencies:
- alias: ""
  condition: ""
  enabled: false
  import-values: null
  name: elasticsearch-chart
  repository: file://appr_charts/samsung_cnct/elasticsearch-chart
  tags: null
  version: 0.0.0-25
- alias: ""
  condition: ""
  enabled: false
  import-values: null
  name: fluent-bit
  repository: file://appr_charts/samsung_cnct/fluent-bit
  tags: null
  version: 0.0.0-8
- alias: ""
  condition: ""
  enabled: false
  import-values: null
  name: curator
  repository: file://appr_charts/samsung_cnct/curator
  tags: null
  version: 0.0.0-5
- alias: ""
  condition: ""
  enabled: false
  import-values: null
  name: kibana-chart
  repository: file://appr_charts/samsung_cnct/kibana-chart
  tags: null
  version: 0.0.0-4
digest: sha256:bf68e572791ee0d6ae649f7fb84b4939f101053e69b695ebb69073ecd57303f1
generated: 2017-11-08T09:56:47.889206619-08:00
